
Microsoft Visual Studio Solution File, Format Version 12.00
# Visual Studio 15
VisualStudioVersion = 15.0.28307.572
MinimumVisualStudioVersion = 10.0.40219.1
Project("{FAE04EC0-301F-11D3-BF4B-00C04F79EFBC}") = "Udlånsregistrering", "Udlånsregistrering\Udlånsregistrering.csproj", "{6E9E2A6B-E719-44E8-BE9D-F707DBD103D2}"
EndProject
Global
	GlobalSection(SolutionConfigurationPlatforms) = preSolution
		Debug|Any CPU = Debug|Any CPU
		Release|Any CPU = Release|Any CPU
	EndGlobalSection
	GlobalSection(ProjectConfigurationPlatforms) = postSolution
		{6E9E2A6B-E719-44E8-BE9D-F707DBD103D2}.Debug|Any CPU.ActiveCfg = Debug|Any CPU
		{6E9E2A6B-E719-44E8-BE9D-F707DBD103D2}.Debug|Any CPU.Build.0 = Debug|Any CPU
		{6E9E2A6B-E719-44E8-BE9D-F707DBD103D2}.Release|Any CPU.ActiveCfg = Release|Any CPU
		{6E9E2A6B-E719-44E8-BE9D-F707DBD103D2}.Release|Any CPU.Build.0 = Release|Any CPU
	EndGlobalSection
	GlobalSection(SolutionProperties) = preSolution
		HideSolutionNode = FALSE
	EndGlobalSection
	GlobalSection(ExtensibilityGlobals) = postSolution
		SolutionGuid = {FA8661D8-A229-412E-ACA0-A838D4631C25}
	EndGlobalSection
EndGlobal
